
Microsoft Visual Studio Solution File, Format Version 12.00
# Visual Studio Version 17
VisualStudioVersion = 17.3.32819.101
MinimumVisualStudioVersion = 10.0.40219.1
Project("{9A19103F-16F7-4668-BE54-9A1E7A4F7556}") = "RyuHelpers", "RyuHelpers\RyuHelpers.csproj", "{DD6F4A69-AC5E-4D9D-858A-C269F1A266F1}"
	ProjectSection(ProjectDependencies) = postProject
		{C9439EA3-3BE6-45D4-9A5B-FF7E8EBDFA2B} = {C9439EA3-3BE6-45D4-9A5B-FF7E8EBDFA2B}
	EndProjectSection
EndProject
Project("{9A19103F-16F7-4668-BE54-9A1E7A4F7556}") = "ParLibrary", "ParManager\ParLibrary\ParLibrary.csproj", "{C2CB9AD6-B641-46A3-8BDA-21FE5B51303F}"
EndProject
Project("{9A19103F-16F7-4668-BE54-9A1E7A4F7556}") = "ParRepacker", "ParRepacker\ParRepacker.csproj", "{E7DE3CB0-D627-4840-BC40-EB0DA30B0F37}"
EndProject
Project("{9A19103F-16F7-4668-BE54-9A1E7A4F7556}") = "ModLoadOrder", "ModLoadOrder\ModLoadOrder.csproj", "{C9439EA3-3BE6-45D4-9A5B-FF7E8EBDFA2B}"
EndProject
Project("{9A19103F-16F7-4668-BE54-9A1E7A4F7556}") = "Utils", "Utils\Utils.csproj", "{A1A0AE14-3F2F-4213-B22F-6EC20F2BFE0D}"
EndProject
Project("{9A19103F-16F7-4668-BE54-9A1E7A4F7556}") = "RyuGUI", "RyuGUI\RyuGUI.csproj", "{86DD46D2-E68A-4D1B-A339-48C99A916652}"
	ProjectSection(ProjectDependencies) = postProject
		{DD6F4A69-AC5E-4D9D-858A-C269F1A266F1} = {DD6F4A69-AC5E-4D9D-858A-C269F1A266F1}
	EndProjectSection
EndProject
Project("{9A19103F-16F7-4668-BE54-9A1E7A4F7556}") = "RyuCLI", "RyuCLI\RyuCLI.csproj", "{3432CE1F-05CF-46C0-BAA2-E94D19021FE1}"
EndProject
Project("{FAE04EC0-301F-11D3-BF4B-00C04F79EFBC}") = "RyuUpdater", "RyuUpdater\RyuUpdater.csproj", "{2209817A-1EEF-40D2-B272-A2E60ACB06F6}"
EndProject
Global
	GlobalSection(SolutionConfigurationPlatforms) = preSolution
		Debug|x64 = Debug|x64
		Release|x64 = Release|x64
	EndGlobalSection
	GlobalSection(ProjectConfigurationPlatforms) = postSolution
		{DD6F4A69-AC5E-4D9D-858A-C269F1A266F1}.Debug|x64.ActiveCfg = Debug|x64
		{DD6F4A69-AC5E-4D9D-858A-C269F1A266F1}.Debug|x64.Build.0 = Debug|x64
		{DD6F4A69-AC5E-4D9D-858A-C269F1A266F1}.Release|x64.ActiveCfg = Release|x64
		{DD6F4A69-AC5E-4D9D-858A-C269F1A266F1}.Release|x64.Build.0 = Release|x64
		{C2CB9AD6-B641-46A3-8BDA-21FE5B51303F}.Debug|x64.ActiveCfg = Debug|x64
		{C2CB9AD6-B641-46A3-8BDA-21FE5B51303F}.Debug|x64.Build.0 = Debug|x64
		{C2CB9AD6-B641-46A3-8BDA-21FE5B51303F}.Release|x64.ActiveCfg = Release|x64
		{C2CB9AD6-B641-46A3-8BDA-21FE5B51303F}.Release|x64.Build.0 = Release|x64
		{E7DE3CB0-D627-4840-BC40-EB0DA30B0F37}.Debug|x64.ActiveCfg = Debug|x64
		{E7DE3CB0-D627-4840-BC40-EB0DA30B0F37}.Debug|x64.Build.0 = Debug|x64
		{E7DE3CB0-D627-4840-BC40-EB0DA30B0F37}.Release|x64.ActiveCfg = Release|x64
		{E7DE3CB0-D627-4840-BC40-EB0DA30B0F37}.Release|x64.Build.0 = Release|x64
		{C9439EA3-3BE6-45D4-9A5B-FF7E8EBDFA2B}.Debug|x64.ActiveCfg = Debug|x64
		{C9439EA3-3BE6-45D4-9A5B-FF7E8EBDFA2B}.Debug|x64.Build.0 = Debug|x64
		{C9439EA3-3BE6-45D4-9A5B-FF7E8EBDFA2B}.Release|x64.ActiveCfg = Release|x64
		{C9439EA3-3BE6-45D4-9A5B-FF7E8EBDFA2B}.Release|x64.Build.0 = Release|x64
		{A1A0AE14-3F2F-4213-B22F-6EC20F2BFE0D}.Debug|x64.ActiveCfg = Debug|x64
		{A1A0AE14-3F2F-4213-B22F-6EC20F2BFE0D}.Debug|x64.Build.0 = Debug|x64
		{A1A0AE14-3F2F-4213-B22F-6EC20F2BFE0D}.Release|x64.ActiveCfg = Release|x64
		{A1A0AE14-3F2F-4213-B22F-6EC20F2BFE0D}.Release|x64.Build.0 = Release|x64
		{86DD46D2-E68A-4D1B-A339-48C99A916652}.Debug|x64.ActiveCfg = Debug|x64
		{86DD46D2-E68A-4D1B-A339-48C99A916652}.Debug|x64.Build.0 = Debug|x64
		{86DD46D2-E68A-4D1B-A339-48C99A916652}.Release|x64.ActiveCfg = Release|x64
		{86DD46D2-E68A-4D1B-A339-48C99A916652}.Release|x64.Build.0 = Release|x64
		{3432CE1F-05CF-46C0-BAA2-E94D19021FE1}.Debug|x64.ActiveCfg = Debug|x64
		{3432CE1F-05CF-46C0-BAA2-E94D19021FE1}.Debug|x64.Build.0 = Debug|x64
		{3432CE1F-05CF-46C0-BAA2-E94D19021FE1}.Release|x64.ActiveCfg = Release|x64
		{3432CE1F-05CF-46C0-BAA2-E94D19021FE1}.Release|x64.Build.0 = Release|x64
		{2209817A-1EEF-40D2-B272-A2E60ACB06F6}.Debug|x64.ActiveCfg = Debug|x64
		{2209817A-1EEF-40D2-B272-A2E60ACB06F6}.Debug|x64.Build.0 = Debug|x64
		{2209817A-1EEF-40D2-B272-A2E60ACB06F6}.Release|x64.ActiveCfg = Release|x64
		{2209817A-1EEF-40D2-B272-A2E60ACB06F6}.Release|x64.Build.0 = Release|x64
	EndGlobalSection
	GlobalSection(SolutionProperties) = preSolution
		HideSolutionNode = FALSE
	EndGlobalSection
	GlobalSection(ExtensibilityGlobals) = postSolution
		SolutionGuid = {F1DBA3D1-1D1C-4B78-A21C-4E94ECCF32DD}
	EndGlobalSection
EndGlobal
