<Solution>
  <Configurations>
    <Platform Name="x64" />
  </Configurations>
  <Project Path="CpkTools/CpkTools.csproj" />
  <Project Path="ParManager/ParLibrary/ParLibrary.csproj" />
  <Project Path="RyuUpdater/RyuUpdater.csproj" />
  <Project Path="ShinRyuModManager\ShinRyuModManager.csproj">
    <Platform Project="x64" />
  </Project>
  <Project Path="Utils/Utils.csproj">
    <Platform Project="x64" />
  </Project>
</Solution>
